// !$*UTF8*$!
{
	archiveVersion = 1;
	classes = {
	};
	objectVersion = 48;
	objects = {

/* Begin PBXBuildFile section */
		047FAB8820515C780077F24B /* test.cpp in Sources */ = {isa = PBXBuildFile; fileRef = 047FAB8420515C780077F24B /* test.cpp */; };
/* End PBXBuildFile section */

/* Begin PBXCopyFilesBuildPhase section */
		04965CF2204B979600604F28 /* CopyFiles */ = {
			isa = PBXCopyFilesBuildPhase;
			buildActionMask = 2147483647;
			dstPath = /usr/share/man/man1/;
			dstSubfolderSpec = 0;
			files = (
			);
			runOnlyForDeploymentPostprocessing = 1;
		};
/* End PBXCopyFilesBuildPhase section */

/* Begin PBXFileReference section */
		047FAB7820515C590077F24B /* quantity.hpp */ = {isa = PBXFileReference; fileEncoding = 4; lastKnownFileType = sourcecode.cpp.h; name = quantity.hpp; path = ../include/quantity.hpp; sourceTree = "<group>"; };
		047FAB7920515C590077F24B /* ratio.hpp */ = {isa = PBXFileReference; fileEncoding = 4; lastKnownFileType = sourcecode.cpp.h; name = ratio.hpp; path = ../include/ratio.hpp; sourceTree = "<group>"; };
		047FAB7A20515C590077F24B /* sequence.hpp */ = {isa = PBXFileReference; fileEncoding = 4; lastKnownFileType = sourcecode.cpp.h; name = sequence.hpp; path = ../include/sequence.hpp; sourceTree = "<group>"; };
		047FAB7B20515C590077F24B /* krypton.hpp */ = {isa = PBXFileReference; fileEncoding = 4; lastKnownFileType = sourcecode.cpp.h; name = krypton.hpp; path = ../include/krypton.hpp; sourceTree = "<group>"; };
		047FAB7C20515C590077F24B /* dimensions.hpp */ = {isa = PBXFileReference; fileEncoding = 4; lastKnownFileType = sourcecode.cpp.h; name = dimensions.hpp; path = ../include/dimensions.hpp; sourceTree = "<group>"; };
		047FAB7D20515C590077F24B /* integers.hpp */ = {isa = PBXFileReference; fileEncoding = 4; lastKnownFileType = sourcecode.cpp.h; name = integers.hpp; path = ../include/integers.hpp; sourceTree = "<group>"; };
		047FAB7F20515C780077F24B /* sequence_static_checks.h */ = {isa = PBXFileReference; fileEncoding = 4; lastKnownFileType = sourcecode.c.h; name = sequence_static_checks.h; path = ../test/sequence_static_checks.h; sourceTree = "<group>"; };
		047FAB8020515C780077F24B /* integers_static_checks.h */ = {isa = PBXFileReference; fileEncoding = 4; lastKnownFileType = sourcecode.c.h; name = integers_static_checks.h; path = ../test/integers_static_checks.h; sourceTree = "<group>"; };
		047FAB8420515C780077F24B /* test.cpp */ = {isa = PBXFileReference; fileEncoding = 4; lastKnownFileType = sourcecode.cpp.cpp; name = test.cpp; path = ../test/test.cpp; sourceTree = "<group>"; };
		047FAB8A20515E3B0077F24B /* gtest.framework */ = {isa = PBXFileReference; lastKnownFileType = wrapper.framework; name = gtest.framework; path = ../../googletest/googletest/lib/gtest.framework; sourceTree = "<group>"; };
		04965CF4204B979600604F28 /* krypton */ = {isa = PBXFileReference; explicitFileType = "compiled.mach-o.executable"; includeInIndex = 0; path = krypton; sourceTree = BUILT_PRODUCTS_DIR; };
		04C77F30205164A4001C27F4 /* libgtest.a */ = {isa = PBXFileReference; lastKnownFileType = archive.ar; name = libgtest.a; path = ../../googletest/googletest/lib/libgtest.a; sourceTree = "<group>"; };
		04C77F3420516826001C27F4 /* test_quantity.h */ = {isa = PBXFileReference; lastKnownFileType = sourcecode.c.h; name = test_quantity.h; path = ../test/test_quantity.h; sourceTree = "<group>"; };
/* End PBXFileReference section */

/* Begin PBXFrameworksBuildPhase section */
		04965CF1204B979600604F28 /* Frameworks */ = {
			isa = PBXFrameworksBuildPhase;
			buildActionMask = 2147483647;
			files = (
			);
			runOnlyForDeploymentPostprocessing = 0;
		};
/* End PBXFrameworksBuildPhase section */

/* Begin PBXGroup section */
		047FAB7720515C440077F24B /* include */ = {
			isa = PBXGroup;
			children = (
				047FAB7C20515C590077F24B /* dimensions.hpp */,
				047FAB7D20515C590077F24B /* integers.hpp */,
				047FAB7B20515C590077F24B /* krypton.hpp */,
				047FAB7820515C590077F24B /* quantity.hpp */,
				047FAB7920515C590077F24B /* ratio.hpp */,
				047FAB7A20515C590077F24B /* sequence.hpp */,
			);
			name = include;
			sourceTree = "<group>";
		};
		047FAB7E20515C640077F24B /* test */ = {
			isa = PBXGroup;
			children = (
				047FAB8420515C780077F24B /* test.cpp */,
				047FAB8020515C780077F24B /* integers_static_checks.h */,
				047FAB7F20515C780077F24B /* sequence_static_checks.h */,
				04C77F3420516826001C27F4 /* test_quantity.h */,
			);
			name = test;
			sourceTree = "<group>";
		};
		047FAB8920515E3A0077F24B /* Frameworks */ = {
			isa = PBXGroup;
			children = (
				04C77F30205164A4001C27F4 /* libgtest.a */,
				047FAB8A20515E3B0077F24B /* gtest.framework */,
			);
			name = Frameworks;
			sourceTree = "<group>";
		};
		04965CEB204B979600604F28 = {
			isa = PBXGroup;
			children = (
				047FAB7720515C440077F24B /* include */,
				047FAB7E20515C640077F24B /* test */,
				04965CF5204B979600604F28 /* Products */,
				047FAB8920515E3A0077F24B /* Frameworks */,
			);
			sourceTree = "<group>";
		};
		04965CF5204B979600604F28 /* Products */ = {
			isa = PBXGroup;
			children = (
				04965CF4204B979600604F28 /* krypton */,
			);
			name = Products;
			sourceTree = "<group>";
		};
/* End PBXGroup section */

/* Begin PBXNativeTarget section */
		04965CF3204B979600604F28 /* krypton */ = {
			isa = PBXNativeTarget;
			buildConfigurationList = 04965CFB204B979600604F28 /* Build configuration list for PBXNativeTarget "krypton" */;
			buildPhases = (
				04965CF0204B979600604F28 /* Sources */,
				04965CF1204B979600604F28 /* Frameworks */,
				04965CF2204B979600604F28 /* CopyFiles */,
			);
			buildRules = (
			);
			dependencies = (
			);
			name = krypton;
			productName = krypto;
			productReference = 04965CF4204B979600604F28 /* krypton */;
			productType = "com.apple.product-type.tool";
		};
/* End PBXNativeTarget section */

/* Begin PBXProject section */
		04965CEC204B979600604F28 /* Project object */ = {
			isa = PBXProject;
			attributes = {
				LastUpgradeCheck = 0920;
				ORGANIZATIONNAME = jack.zou;
				TargetAttributes = {
					04965CF3204B979600604F28 = {
						CreatedOnToolsVersion = 9.2;
						ProvisioningStyle = Automatic;
					};
				};
			};
			buildConfigurationList = 04965CEF204B979600604F28 /* Build configuration list for PBXProject "krypton" */;
			compatibilityVersion = "Xcode 8.0";
			developmentRegion = en;
			hasScannedForEncodings = 0;
			knownRegions = (
				en,
			);
			mainGroup = 04965CEB204B979600604F28;
			productRefGroup = 04965CF5204B979600604F28 /* Products */;
			projectDirPath = "";
			projectRoot = "";
			targets = (
				04965CF3204B979600604F28 /* krypton */,
			);
		};
/* End PBXProject section */

/* Begin PBXSourcesBuildPhase section */
		04965CF0204B979600604F28 /* Sources */ = {
			isa = PBXSourcesBuildPhase;
			buildActionMask = 2147483647;
			files = (
				047FAB8820515C780077F24B /* test.cpp in Sources */,
			);
			runOnlyForDeploymentPostprocessing = 0;
		};
/* End PBXSourcesBuildPhase section */

/* Begin XCBuildConfiguration section */
		04965CF9204B979600604F28 /* Debug */ = {
			isa = XCBuildConfiguration;
			buildSettings = {
				ALWAYS_SEARCH_USER_PATHS = NO;
				CLANG_ANALYZER_NONNULL = YES;
				CLANG_ANALYZER_NUMBER_OBJECT_CONVERSION = YES_AGGRESSIVE;
				CLANG_CXX_LANGUAGE_STANDARD = "c++14";
				CLANG_CXX_LIBRARY = "libc++";
				CLANG_ENABLE_MODULES = YES;
				CLANG_ENABLE_OBJC_ARC = YES;
				CLANG_WARN_BLOCK_CAPTURE_AUTORELEASING = YES;
				CLANG_WARN_BOOL_CONVERSION = YES;
				CLANG_WARN_COMMA = YES;
				CLANG_WARN_CONSTANT_CONVERSION = YES;
				CLANG_WARN_DIRECT_OBJC_ISA_USAGE = YES_ERROR;
				CLANG_WARN_DOCUMENTATION_COMMENTS = YES;
				CLANG_WARN_EMPTY_BODY = YES;
				CLANG_WARN_ENUM_CONVERSION = YES;
				CLANG_WARN_INFINITE_RECURSION = YES;
				CLANG_WARN_INT_CONVERSION = YES;
				CLANG_WARN_NON_LITERAL_NULL_CONVERSION = YES;
				CLANG_WARN_OBJC_LITERAL_CONVERSION = YES;
				CLANG_WARN_OBJC_ROOT_CLASS = YES_ERROR;
				CLANG_WARN_RANGE_LOOP_ANALYSIS = YES;
				CLANG_WARN_STRICT_PROTOTYPES = YES;
				CLANG_WARN_SUSPICIOUS_MOVE = YES;
				CLANG_WARN_UNGUARDED_AVAILABILITY = YES_AGGRESSIVE;
				CLANG_WARN_UNREACHABLE_CODE = YES;
				CLANG_WARN__DUPLICATE_METHOD_MATCH = YES;
				CODE_SIGN_IDENTITY = "Mac Developer";
				COPY_PHASE_STRIP = NO;
				DEBUG_INFORMATION_FORMAT = dwarf;
				ENABLE_STRICT_OBJC_MSGSEND = YES;
				ENABLE_TESTABILITY = YES;
				GCC_C_LANGUAGE_STANDARD = gnu11;
				GCC_DYNAMIC_NO_PIC = NO;
				GCC_NO_COMMON_BLOCKS = YES;
				GCC_OPTIMIZATION_LEVEL = 0;
				GCC_PREPROCESSOR_DEFINITIONS = (
					"DEBUG=1",
					"$(inherited)",
				);
				GCC_WARN_64_TO_32_BIT_CONVERSION = YES;
				GCC_WARN_ABOUT_RETURN_TYPE = YES_ERROR;
				GCC_WARN_UNDECLARED_SELECTOR = YES;
				GCC_WARN_UNINITIALIZED_AUTOS = YES_AGGRESSIVE;
				GCC_WARN_UNUSED_FUNCTION = YES;
				GCC_WARN_UNUSED_VARIABLE = YES;
				HEADER_SEARCH_PATHS = ../../googletest/googletest/include;
				LIBRARY_SEARCH_PATHS = ../../googletest/googletest/lib;
				MACOSX_DEPLOYMENT_TARGET = 10.13;
				MTL_ENABLE_DEBUG_INFO = YES;
				ONLY_ACTIVE_ARCH = YES;
				OTHER_LDFLAGS = "-lgtest";
				SDKROOT = macosx;
			};
			name = Debug;
		};
		04965CFA204B979600604F28 /* Release */ = {
			isa = XCBuildConfiguration;
			buildSettings = {
				ALWAYS_SEARCH_USER_PATHS = NO;
				CLANG_ANALYZER_NONNULL = YES;
				CLANG_ANALYZER_NUMBER_OBJECT_CONVERSION = YES_AGGRESSIVE;
				CLANG_CXX_LANGUAGE_STANDARD = "c++14";
				CLANG_CXX_LIBRARY = "libc++";
				CLANG_ENABLE_MODULES = YES;
				CLANG_ENABLE_OBJC_ARC = YES;
				CLANG_WARN_BLOCK_CAPTURE_AUTORELEASING = YES;
				CLANG_WARN_BOOL_CONVERSION = YES;
				CLANG_WARN_COMMA = YES;
				CLANG_WARN_CONSTANT_CONVERSION = YES;
				CLANG_WARN_DIRECT_OBJC_ISA_USAGE = YES_ERROR;
				CLANG_WARN_DOCUMENTATION_COMMENTS = YES;
				CLANG_WARN_EMPTY_BODY = YES;
				CLANG_WARN_ENUM_CONVERSION = YES;
				CLANG_WARN_INFINITE_RECURSION = YES;
				CLANG_WARN_INT_CONVERSION = YES;
				CLANG_WARN_NON_LITERAL_NULL_CONVERSION = YES;
				CLANG_WARN_OBJC_LITERAL_CONVERSION = YES;
				CLANG_WARN_OBJC_ROOT_CLASS = YES_ERROR;
				CLANG_WARN_RANGE_LOOP_ANALYSIS = YES;
				CLANG_WARN_STRICT_PROTOTYPES = YES;
				CLANG_WARN_SUSPICIOUS_MOVE = YES;
				CLANG_WARN_UNGUARDED_AVAILABILITY = YES_AGGRESSIVE;
				CLANG_WARN_UNREACHABLE_CODE = YES;
				CLANG_WARN__DUPLICATE_METHOD_MATCH = YES;
				CODE_SIGN_IDENTITY = "Mac Developer";
				COPY_PHASE_STRIP = NO;
				DEBUG_INFORMATION_FORMAT = "dwarf-with-dsym";
				ENABLE_NS_ASSERTIONS = NO;
				ENABLE_STRICT_OBJC_MSGSEND = YES;
				GCC_C_LANGUAGE_STANDARD = gnu11;
				GCC_NO_COMMON_BLOCKS = YES;
				GCC_WARN_64_TO_32_BIT_CONVERSION = YES;
				GCC_WARN_ABOUT_RETURN_TYPE = YES_ERROR;
				GCC_WARN_UNDECLARED_SELECTOR = YES;
				GCC_WARN_UNINITIALIZED_AUTOS = YES_AGGRESSIVE;
				GCC_WARN_UNUSED_FUNCTION = YES;
				GCC_WARN_UNUSED_VARIABLE = YES;
				HEADER_SEARCH_PATHS = ../../googletest/googletest/include;
				LIBRARY_SEARCH_PATHS = ../../googletest/googletest/lib;
				MACOSX_DEPLOYMENT_TARGET = 10.13;
				MTL_ENABLE_DEBUG_INFO = NO;
				OTHER_LDFLAGS = "-lgtest";
				SDKROOT = macosx;
			};
			name = Release;
		};
		04965CFC204B979600604F28 /* Debug */ = {
			isa = XCBuildConfiguration;
			buildSettings = {
				CODE_SIGN_STYLE = Automatic;
				DEVELOPMENT_TEAM = 5597W4KY69;
				HEADER_SEARCH_PATHS = (
					../include,
					../../googletest/googletest/include,
				);
				LIBRARY_SEARCH_PATHS = ../../googletest/googletest/lib;
				OTHER_LDFLAGS = "-lgtest";
				PRODUCT_NAME = "$(TARGET_NAME)";
			};
			name = Debug;
		};
		04965CFD204B979600604F28 /* Release */ = {
			isa = XCBuildConfiguration;
			buildSettings = {
				CODE_SIGN_STYLE = Automatic;
				DEVELOPMENT_TEAM = 5597W4KY69;
				HEADER_SEARCH_PATHS = (
					../include,
					../../googletest/googletest/include,
				);
				LIBRARY_SEARCH_PATHS = ../../googletest/googletest/lib;
				OTHER_LDFLAGS = "-lgtest";
				PRODUCT_NAME = "$(TARGET_NAME)";
			};
			name = Release;
		};
/* End XCBuildConfiguration section */

/* Begin XCConfigurationList section */
		04965CEF204B979600604F28 /* Build configuration list for PBXProject "krypton" */ = {
			isa = XCConfigurationList;
			buildConfigurations = (
				04965CF9204B979600604F28 /* Debug */,
				04965CFA204B979600604F28 /* Release */,
			);
			defaultConfigurationIsVisible = 0;
			defaultConfigurationName = Release;
		};
		04965CFB204B979600604F28 /* Build configuration list for PBXNativeTarget "krypton" */ = {
			isa = XCConfigurationList;
			buildConfigurations = (
				04965CFC204B979600604F28 /* Debug */,
				04965CFD204B979600604F28 /* Release */,
			);
			defaultConfigurationIsVisible = 0;
			defaultConfigurationName = Release;
		};
/* End XCConfigurationList section */
	};
	rootObject = 04965CEC204B979600604F28 /* Project object */;
}
